
Microsoft Visual Studio Solution File, Format Version 12.00
# Visual Studio Version 16
VisualStudioVersion = 16.0.30717.126
MinimumVisualStudioVersion = 10.0.40219.1
Project("{9A19103F-16F7-4668-BE54-9A1E7A4F7556}") = "Maptz.Avid.Automation.Cli.Tool", "maptz.avid.automation.tool\Maptz.Avid.Automation.Cli.Tool.csproj", "{3657A706-C880-404A-806C-E016BDBC40C6}"
EndProject
Project("{2150E333-8FDC-42A3-9474-1A3956D46DE8}") = "Libraries", "Libraries", "{DDB7C86B-8EF0-4F36-A0CD-CB1C883FB471}"
EndProject
Project("{9A19103F-16F7-4668-BE54-9A1E7A4F7556}") = "Maptz.Editing.Avid.MarkerSections", "Maptz.Editing.Avid.MarkerSections\Maptz.Editing.Avid.MarkerSections.csproj", "{665198F6-3CE1-44A7-9255-2446C047F7B4}"
EndProject
Project("{9A19103F-16F7-4668-BE54-9A1E7A4F7556}") = "Maptz.Editing.Avid.DS", "..\..\..\netcorelibs\maptz.editing.avid\src\Maptz.Editing.Avid.DS\Maptz.Editing.Avid.DS.csproj", "{88D068B5-248D-4F69-991D-65046C8AF953}"
EndProject
Project("{9A19103F-16F7-4668-BE54-9A1E7A4F7556}") = "Maptz.Editing.Avid.Markers", "..\..\..\netcorelibs\maptz.editing.avid\src\Maptz.Editing.Avid.Markers\Maptz.Editing.Avid.Markers.csproj", "{6C7172A7-15C4-4EDB-811D-F7B4A27AFE46}"
EndProject
Project("{9A19103F-16F7-4668-BE54-9A1E7A4F7556}") = "Maptz.Editing.MarkerParser.Tool", "Maptz.Editing.MarkerParser.Tool\Maptz.Editing.MarkerParser.Tool.csproj", "{0B67B151-7E32-42E9-92E1-9AD9018ECC54}"
EndProject
Global
	GlobalSection(SolutionConfigurationPlatforms) = preSolution
		Debug|Any CPU = Debug|Any CPU
		Release|Any CPU = Release|Any CPU
	EndGlobalSection
	GlobalSection(ProjectConfigurationPlatforms) = postSolution
		{3657A706-C880-404A-806C-E016BDBC40C6}.Debug|Any CPU.ActiveCfg = Debug|Any CPU
		{3657A706-C880-404A-806C-E016BDBC40C6}.Debug|Any CPU.Build.0 = Debug|Any CPU
		{3657A706-C880-404A-806C-E016BDBC40C6}.Release|Any CPU.ActiveCfg = Release|Any CPU
		{3657A706-C880-404A-806C-E016BDBC40C6}.Release|Any CPU.Build.0 = Release|Any CPU
		{665198F6-3CE1-44A7-9255-2446C047F7B4}.Debug|Any CPU.ActiveCfg = Debug|Any CPU
		{665198F6-3CE1-44A7-9255-2446C047F7B4}.Debug|Any CPU.Build.0 = Debug|Any CPU
		{665198F6-3CE1-44A7-9255-2446C047F7B4}.Release|Any CPU.ActiveCfg = Release|Any CPU
		{665198F6-3CE1-44A7-9255-2446C047F7B4}.Release|Any CPU.Build.0 = Release|Any CPU
		{88D068B5-248D-4F69-991D-65046C8AF953}.Debug|Any CPU.ActiveCfg = Debug|Any CPU
		{88D068B5-248D-4F69-991D-65046C8AF953}.Debug|Any CPU.Build.0 = Debug|Any CPU
		{88D068B5-248D-4F69-991D-65046C8AF953}.Release|Any CPU.ActiveCfg = Release|Any CPU
		{88D068B5-248D-4F69-991D-65046C8AF953}.Release|Any CPU.Build.0 = Release|Any CPU
		{6C7172A7-15C4-4EDB-811D-F7B4A27AFE46}.Debug|Any CPU.ActiveCfg = Debug|Any CPU
		{6C7172A7-15C4-4EDB-811D-F7B4A27AFE46}.Debug|Any CPU.Build.0 = Debug|Any CPU
		{6C7172A7-15C4-4EDB-811D-F7B4A27AFE46}.Release|Any CPU.ActiveCfg = Release|Any CPU
		{6C7172A7-15C4-4EDB-811D-F7B4A27AFE46}.Release|Any CPU.Build.0 = Release|Any CPU
		{0B67B151-7E32-42E9-92E1-9AD9018ECC54}.Debug|Any CPU.ActiveCfg = Debug|Any CPU
		{0B67B151-7E32-42E9-92E1-9AD9018ECC54}.Debug|Any CPU.Build.0 = Debug|Any CPU
		{0B67B151-7E32-42E9-92E1-9AD9018ECC54}.Release|Any CPU.ActiveCfg = Release|Any CPU
		{0B67B151-7E32-42E9-92E1-9AD9018ECC54}.Release|Any CPU.Build.0 = Release|Any CPU
	EndGlobalSection
	GlobalSection(SolutionProperties) = preSolution
		HideSolutionNode = FALSE
	EndGlobalSection
	GlobalSection(NestedProjects) = preSolution
		{665198F6-3CE1-44A7-9255-2446C047F7B4} = {DDB7C86B-8EF0-4F36-A0CD-CB1C883FB471}
		{88D068B5-248D-4F69-991D-65046C8AF953} = {DDB7C86B-8EF0-4F36-A0CD-CB1C883FB471}
		{6C7172A7-15C4-4EDB-811D-F7B4A27AFE46} = {DDB7C86B-8EF0-4F36-A0CD-CB1C883FB471}
	EndGlobalSection
	GlobalSection(ExtensibilityGlobals) = postSolution
		SolutionGuid = {EC897F97-AC22-4777-937D-8671F5E2656B}
	EndGlobalSection
EndGlobal
